
Microsoft Visual Studio Solution File, Format Version 12.00
# Visual Studio Version 16
VisualStudioVersion = 16.0.31911.196
MinimumVisualStudioVersion = 10.0.40219.1
Project("{9A19103F-16F7-4668-BE54-9A1E7A4F7556}") = "AdvancedCLIApp", "AdvancedCLIApp.csproj", "{FAA47118-5DA8-4598-8B26-D33316BEDEB3}"
EndProject
Global
	GlobalSection(SolutionConfigurationPlatforms) = preSolution
		Debug|Any CPU = Debug|Any CPU
		Release|Any CPU = Release|Any CPU
	EndGlobalSection
	GlobalSection(ProjectConfigurationPlatforms) = postSolution
		{FAA47118-5DA8-4598-8B26-D33316BEDEB3}.Debug|Any CPU.ActiveCfg = Debug|Any CPU
		{FAA47118-5DA8-4598-8B26-D33316BEDEB3}.Debug|Any CPU.Build.0 = Debug|Any CPU
		{FAA47118-5DA8-4598-8B26-D33316BEDEB3}.Release|Any CPU.ActiveCfg = Release|Any CPU
		{FAA47118-5DA8-4598-8B26-D33316BEDEB3}.Release|Any CPU.Build.0 = Release|Any CPU
	EndGlobalSection
	GlobalSection(SolutionProperties) = preSolution
		HideSolutionNode = FALSE
	EndGlobalSection
	GlobalSection(ExtensibilityGlobals) = postSolution
		SolutionGuid = {86C510B2-38C3-49EC-9B55-57217D6BEEA2}
	EndGlobalSection
EndGlobal
